// !$*UTF8*$!
{
	archiveVersion = 1;
	classes = {
	};
	objectVersion = 46;
	objects = {

/* Begin PBXBuildFile section */
		59CAAA0E40EC4539E1945814 /* Pods_MLH.framework in Frameworks */ = {isa = PBXBuildFile; fileRef = 2478D24F196B16A9813FEA78 /* Pods_MLH.framework */; };
		7696A8311F38060400B6BCD8 /* MLHPlayerShared.swift in Sources */ = {isa = PBXBuildFile; fileRef = 7696A8301F38060400B6BCD8 /* MLHPlayerShared.swift */; };
		76DA8B891F30217F00B5BA17 /* AppDelegate.swift in Sources */ = {isa = PBXBuildFile; fileRef = 76DA8B881F30217F00B5BA17 /* AppDelegate.swift */; };
		76DA8B901F30217F00B5BA17 /* Assets.xcassets in Resources */ = {isa = PBXBuildFile; fileRef = 76DA8B8F1F30217F00B5BA17 /* Assets.xcassets */; };
		76DA8B931F30217F00B5BA17 /* LaunchScreen.storyboard in Resources */ = {isa = PBXBuildFile; fileRef = 76DA8B911F30217F00B5BA17 /* LaunchScreen.storyboard */; };
		76DA8B9E1F30218000B5BA17 /* MLHTests.swift in Sources */ = {isa = PBXBuildFile; fileRef = 76DA8B9D1F30218000B5BA17 /* MLHTests.swift */; };
		76DA8BA91F30218000B5BA17 /* MLHUITests.swift in Sources */ = {isa = PBXBuildFile; fileRef = 76DA8BA81F30218000B5BA17 /* MLHUITests.swift */; };
		76DA8C261F30223700B5BA17 /* ArrayExtension.swift in Sources */ = {isa = PBXBuildFile; fileRef = 76DA8BF11F30223600B5BA17 /* ArrayExtension.swift */; };
		76DA8C271F30223700B5BA17 /* DispatchTimeExtension.swift in Sources */ = {isa = PBXBuildFile; fileRef = 76DA8BF21F30223600B5BA17 /* DispatchTimeExtension.swift */; };
		76DA8C281F30223700B5BA17 /* ImageTint.swift in Sources */ = {isa = PBXBuildFile; fileRef = 76DA8BF31F30223600B5BA17 /* ImageTint.swift */; };
		76DA8C291F30223700B5BA17 /* MLHCorner.swift in Sources */ = {isa = PBXBuildFile; fileRef = 76DA8BF41F30223700B5BA17 /* MLHCorner.swift */; };
		76DA8C2A1F30223700B5BA17 /* Observable.swift in Sources */ = {isa = PBXBuildFile; fileRef = 76DA8BF51F30223700B5BA17 /* Observable.swift */; };
		76DA8C2B1F30223700B5BA17 /* Singleton.swift in Sources */ = {isa = PBXBuildFile; fileRef = 76DA8BF61F30223700B5BA17 /* Singleton.swift */; };
		76DA8C2C1F30223700B5BA17 /* SwifterSwift.swift in Sources */ = {isa = PBXBuildFile; fileRef = 76DA8BF71F30223700B5BA17 /* SwifterSwift.swift */; };
		76DA8C2D1F30223700B5BA17 /* UIColorExtension.swift in Sources */ = {isa = PBXBuildFile; fileRef = 76DA8BF81F30223700B5BA17 /* UIColorExtension.swift */; };
		76DA8C2E1F30223700B5BA17 /* UIViewControllerExtension.swift in Sources */ = {isa = PBXBuildFile; fileRef = 76DA8BF91F30223700B5BA17 /* UIViewControllerExtension.swift */; };
		76DA8C2F1F30223700B5BA17 /* UIViewControllerProtocol.swift in Sources */ = {isa = PBXBuildFile; fileRef = 76DA8BFA1F30223700B5BA17 /* UIViewControllerProtocol.swift */; };
		76DA8C301F30223700B5BA17 /* URIDefine.swift in Sources */ = {isa = PBXBuildFile; fileRef = 76DA8BFB1F30223700B5BA17 /* URIDefine.swift */; };
		76DA8C311F30223700B5BA17 /* MLHFindViewController.swift in Sources */ = {isa = PBXBuildFile; fileRef = 76DA8BFE1F30223700B5BA17 /* MLHFindViewController.swift */; };
		76DA8C321F30223700B5BA17 /* MLHFindViewController.xib in Resources */ = {isa = PBXBuildFile; fileRef = 76DA8BFF1F30223700B5BA17 /* MLHFindViewController.xib */; };
		76DA8C331F30223700B5BA17 /* MLHBaseViewController.swift in Sources */ = {isa = PBXBuildFile; fileRef = 76DA8C021F30223700B5BA17 /* MLHBaseViewController.swift */; };
		76DA8C341F30223700B5BA17 /* MLHNavigationViewController.swift in Sources */ = {isa = PBXBuildFile; fileRef = 76DA8C031F30223700B5BA17 /* MLHNavigationViewController.swift */; };
		76DA8C351F30223700B5BA17 /* MLHTabBarViewController.swift in Sources */ = {isa = PBXBuildFile; fileRef = 76DA8C041F30223700B5BA17 /* MLHTabBarViewController.swift */; };
		76DA8C361F30223700B5BA17 /* MLHMeViewController.swift in Sources */ = {isa = PBXBuildFile; fileRef = 76DA8C071F30223700B5BA17 /* MLHMeViewController.swift */; };
		76DA8C371F30223700B5BA17 /* MLHMeViewController.xib in Resources */ = {isa = PBXBuildFile; fileRef = 76DA8C081F30223700B5BA17 /* MLHMeViewController.xib */; };
		76DA8C381F30223700B5BA17 /* MLHMainViewController.swift in Sources */ = {isa = PBXBuildFile; fileRef = 76DA8C0B1F30223700B5BA17 /* MLHMainViewController.swift */; };
		76DA8C391F30223700B5BA17 /* MLHMainViewController.xib in Resources */ = {isa = PBXBuildFile; fileRef = 76DA8C0C1F30223700B5BA17 /* MLHMainViewController.xib */; };
		76DA8C3A1F30223700B5BA17 /* MLHTestViewController.swift in Sources */ = {isa = PBXBuildFile; fileRef = 76DA8C0D1F30223700B5BA17 /* MLHTestViewController.swift */; };
		76DA8C3B1F30223700B5BA17 /* MLHTestViewController.xib in Resources */ = {isa = PBXBuildFile; fileRef = 76DA8C0E1F30223700B5BA17 /* MLHTestViewController.xib */; };
		76DA8C3C1F30223700B5BA17 /* HTTPFacade.swift in Sources */ = {isa = PBXBuildFile; fileRef = 76DA8C111F30223700B5BA17 /* HTTPFacade.swift */; };
		76DA8C3D1F30223700B5BA17 /* MLHApiInterface.swift in Sources */ = {isa = PBXBuildFile; fileRef = 76DA8C131F30223700B5BA17 /* MLHApiInterface.swift */; };
		76DA8C3E1F30223700B5BA17 /* MLHTVViewController.swift in Sources */ = {isa = PBXBuildFile; fileRef = 76DA8C161F30223700B5BA17 /* MLHTVViewController.swift */; };
		76DA8C3F1F30223700B5BA17 /* MLHTVViewController.xib in Resources */ = {isa = PBXBuildFile; fileRef = 76DA8C171F30223700B5BA17 /* MLHTVViewController.xib */; };
		76DA8C401F30223700B5BA17 /* MLHTVTableViewCell.swift in Sources */ = {isa = PBXBuildFile; fileRef = 76DA8C191F30223700B5BA17 /* MLHTVTableViewCell.swift */; };
		76DA8C411F30223700B5BA17 /* MLHTVTableViewCell.xib in Resources */ = {isa = PBXBuildFile; fileRef = 76DA8C1A1F30223700B5BA17 /* MLHTVTableViewCell.xib */; };
		76DA8C421F30223700B5BA17 /* MLHTVVM.swift in Sources */ = {isa = PBXBuildFile; fileRef = 76DA8C1C1F30223700B5BA17 /* MLHTVVM.swift */; };
		76DA8C431F30223700B5BA17 /* MLHBrightnessView.swift in Sources */ = {isa = PBXBuildFile; fileRef = 76DA8C1F1F30223700B5BA17 /* MLHBrightnessView.swift */; };
		76DA8C441F30223700B5BA17 /* MLHPlayerControlView.swift in Sources */ = {isa = PBXBuildFile; fileRef = 76DA8C201F30223700B5BA17 /* MLHPlayerControlView.swift */; };
		76DA8C451F30223700B5BA17 /* MLHPlayerModel.swift in Sources */ = {isa = PBXBuildFile; fileRef = 76DA8C211F30223700B5BA17 /* MLHPlayerModel.swift */; };
		76DA8C461F30223700B5BA17 /* MLHPlayerView.swift in Sources */ = {isa = PBXBuildFile; fileRef = 76DA8C221F30223700B5BA17 /* MLHPlayerView.swift */; };
		76DA8C471F30223700B5BA17 /* MLHVolumeView.swift in Sources */ = {isa = PBXBuildFile; fileRef = 76DA8C231F30223700B5BA17 /* MLHVolumeView.swift */; };
		76DA8C481F30223700B5BA17 /* MMMaterialDesignSpinner.m in Sources */ = {isa = PBXBuildFile; fileRef = 76DA8C251F30223700B5BA17 /* MMMaterialDesignSpinner.m */; };
/* End PBXBuildFile section */

/* Begin PBXContainerItemProxy section */
		76DA8B9A1F30217F00B5BA17 /* PBXContainerItemProxy */ = {
			isa = PBXContainerItemProxy;
			containerPortal = 76DA8B7D1F30217F00B5BA17 /* Project object */;
			proxyType = 1;
			remoteGlobalIDString = 76DA8B841F30217F00B5BA17;
			remoteInfo = MLH;
		};
		76DA8BA51F30218000B5BA17 /* PBXContainerItemProxy */ = {
			isa = PBXContainerItemProxy;
			containerPortal = 76DA8B7D1F30217F00B5BA17 /* Project object */;
			proxyType = 1;
			remoteGlobalIDString = 76DA8B841F30217F00B5BA17;
			remoteInfo = MLH;
		};
/* End PBXContainerItemProxy section */

/* Begin PBXFileReference section */
		2478D24F196B16A9813FEA78 /* Pods_MLH.framework */ = {isa = PBXFileReference; explicitFileType = wrapper.framework; includeInIndex = 0; path = Pods_MLH.framework; sourceTree = BUILT_PRODUCTS_DIR; };
		30B40B92290EB53C4BDEE212 /* Pods-MLH.debug.xcconfig */ = {isa = PBXFileReference; includeInIndex = 1; lastKnownFileType = text.xcconfig; name = "Pods-MLH.debug.xcconfig"; path = "Pods/Target Support Files/Pods-MLH/Pods-MLH.debug.xcconfig"; sourceTree = "<group>"; };
		7470A0204B662C7E610F4D6F /* Pods-MLH.release.xcconfig */ = {isa = PBXFileReference; includeInIndex = 1; lastKnownFileType = text.xcconfig; name = "Pods-MLH.release.xcconfig"; path = "Pods/Target Support Files/Pods-MLH/Pods-MLH.release.xcconfig"; sourceTree = "<group>"; };
		7696A8301F38060400B6BCD8 /* MLHPlayerShared.swift */ = {isa = PBXFileReference; fileEncoding = 4; lastKnownFileType = sourcecode.swift; path = MLHPlayerShared.swift; sourceTree = "<group>"; };
		76DA8B851F30217F00B5BA17 /* MLH.app */ = {isa = PBXFileReference; explicitFileType = wrapper.application; includeInIndex = 0; path = MLH.app; sourceTree = BUILT_PRODUCTS_DIR; };
		76DA8B881F30217F00B5BA17 /* AppDelegate.swift */ = {isa = PBXFileReference; lastKnownFileType = sourcecode.swift; path = AppDelegate.swift; sourceTree = "<group>"; };
		76DA8B8F1F30217F00B5BA17 /* Assets.xcassets */ = {isa = PBXFileReference; lastKnownFileType = folder.assetcatalog; path = Assets.xcassets; sourceTree = "<group>"; };
		76DA8B921F30217F00B5BA17 /* Base */ = {isa = PBXFileReference; lastKnownFileType = file.storyboard; name = Base; path = Base.lproj/LaunchScreen.storyboard; sourceTree = "<group>"; };
		76DA8B941F30217F00B5BA17 /* Info.plist */ = {isa = PBXFileReference; lastKnownFileType = text.plist.xml; path = Info.plist; sourceTree = "<group>"; };
		76DA8B991F30217F00B5BA17 /* MLHTests.xctest */ = {isa = PBXFileReference; explicitFileType = wrapper.cfbundle; includeInIndex = 0; path = MLHTests.xctest; sourceTree = BUILT_PRODUCTS_DIR; };
		76DA8B9D1F30218000B5BA17 /* MLHTests.swift */ = {isa = PBXFileReference; lastKnownFileType = sourcecode.swift; path = MLHTests.swift; sourceTree = "<group>"; };
		76DA8B9F1F30218000B5BA17 /* Info.plist */ = {isa = PBXFileReference; lastKnownFileType = text.plist.xml; path = Info.plist; sourceTree = "<group>"; };
		76DA8BA41F30218000B5BA17 /* MLHUITests.xctest */ = {isa = PBXFileReference; explicitFileType = wrapper.cfbundle; includeInIndex = 0; path = MLHUITests.xctest; sourceTree = BUILT_PRODUCTS_DIR; };
		76DA8BA81F30218000B5BA17 /* MLHUITests.swift */ = {isa = PBXFileReference; lastKnownFileType = sourcecode.swift; path = MLHUITests.swift; sourceTree = "<group>"; };
		76DA8BAA1F30218000B5BA17 /* Info.plist */ = {isa = PBXFileReference; lastKnownFileType = text.plist.xml; path = Info.plist; sourceTree = "<group>"; };
		76DA8BF11F30223600B5BA17 /* ArrayExtension.swift */ = {isa = PBXFileReference; fileEncoding = 4; lastKnownFileType = sourcecode.swift; path = ArrayExtension.swift; sourceTree = "<group>"; };
		76DA8BF21F30223600B5BA17 /* DispatchTimeExtension.swift */ = {isa = PBXFileReference; fileEncoding = 4; lastKnownFileType = sourcecode.swift; path = DispatchTimeExtension.swift; sourceTree = "<group>"; };
		76DA8BF31F30223600B5BA17 /* ImageTint.swift */ = {isa = PBXFileReference; fileEncoding = 4; lastKnownFileType = sourcecode.swift; path = ImageTint.swift; sourceTree = "<group>"; };
		76DA8BF41F30223700B5BA17 /* MLHCorner.swift */ = {isa = PBXFileReference; fileEncoding = 4; lastKnownFileType = sourcecode.swift; path = MLHCorner.swift; sourceTree = "<group>"; };
		76DA8BF51F30223700B5BA17 /* Observable.swift */ = {isa = PBXFileReference; fileEncoding = 4; lastKnownFileType = sourcecode.swift; path = Observable.swift; sourceTree = "<group>"; };
		76DA8BF61F30223700B5BA17 /* Singleton.swift */ = {isa = PBXFileReference; fileEncoding = 4; lastKnownFileType = sourcecode.swift; path = Singleton.swift; sourceTree = "<group>"; };
		76DA8BF71F30223700B5BA17 /* SwifterSwift.swift */ = {isa = PBXFileReference; fileEncoding = 4; lastKnownFileType = sourcecode.swift; path = SwifterSwift.swift; sourceTree = "<group>"; };
		76DA8BF81F30223700B5BA17 /* UIColorExtension.swift */ = {isa = PBXFileReference; fileEncoding = 4; lastKnownFileType = sourcecode.swift; path = UIColorExtension.swift; sourceTree = "<group>"; };
		76DA8BF91F30223700B5BA17 /* UIViewControllerExtension.swift */ = {isa = PBXFileReference; fileEncoding = 4; lastKnownFileType = sourcecode.swift; path = UIViewControllerExtension.swift; sourceTree = "<group>"; };
		76DA8BFA1F30223700B5BA17 /* UIViewControllerProtocol.swift */ = {isa = PBXFileReference; fileEncoding = 4; lastKnownFileType = sourcecode.swift; path = UIViewControllerProtocol.swift; sourceTree = "<group>"; };
		76DA8BFB1F30223700B5BA17 /* URIDefine.swift */ = {isa = PBXFileReference; fileEncoding = 4; lastKnownFileType = sourcecode.swift; path = URIDefine.swift; sourceTree = "<group>"; };
		76DA8BFE1F30223700B5BA17 /* MLHFindViewController.swift */ = {isa = PBXFileReference; fileEncoding = 4; lastKnownFileType = sourcecode.swift; path = MLHFindViewController.swift; sourceTree = "<group>"; };
		76DA8BFF1F30223700B5BA17 /* MLHFindViewController.xib */ = {isa = PBXFileReference; fileEncoding = 4; lastKnownFileType = file.xib; path = MLHFindViewController.xib; sourceTree = "<group>"; };
		76DA8C021F30223700B5BA17 /* MLHBaseViewController.swift */ = {isa = PBXFileReference; fileEncoding = 4; lastKnownFileType = sourcecode.swift; path = MLHBaseViewController.swift; sourceTree = "<group>"; };
		76DA8C031F30223700B5BA17 /* MLHNavigationViewController.swift */ = {isa = PBXFileReference; fileEncoding = 4; lastKnownFileType = sourcecode.swift; path = MLHNavigationViewController.swift; sourceTree = "<group>"; };
		76DA8C041F30223700B5BA17 /* MLHTabBarViewController.swift */ = {isa = PBXFileReference; fileEncoding = 4; lastKnownFileType = sourcecode.swift; path = MLHTabBarViewController.swift; sourceTree = "<group>"; };
		76DA8C071F30223700B5BA17 /* MLHMeViewController.swift */ = {isa = PBXFileReference; fileEncoding = 4; lastKnownFileType = sourcecode.swift; path = MLHMeViewController.swift; sourceTree = "<group>"; };
		76DA8C081F30223700B5BA17 /* MLHMeViewController.xib */ = {isa = PBXFileReference; fileEncoding = 4; lastKnownFileType = file.xib; path = MLHMeViewController.xib; sourceTree = "<group>"; };
		76DA8C0B1F30223700B5BA17 /* MLHMainViewController.swift */ = {isa = PBXFileReference; fileEncoding = 4; lastKnownFileType = sourcecode.swift; path = MLHMainViewController.swift; sourceTree = "<group>"; };
		76DA8C0C1F30223700B5BA17 /* MLHMainViewController.xib */ = {isa = PBXFileReference; fileEncoding = 4; lastKnownFileType = file.xib; path = MLHMainViewController.xib; sourceTree = "<group>"; };
		76DA8C0D1F30223700B5BA17 /* MLHTestViewController.swift */ = {isa = PBXFileReference; fileEncoding = 4; lastKnownFileType = sourcecode.swift; path = MLHTestViewController.swift; sourceTree = "<group>"; };
		76DA8C0E1F30223700B5BA17 /* MLHTestViewController.xib */ = {isa = PBXFileReference; fileEncoding = 4; lastKnownFileType = file.xib; path = MLHTestViewController.xib; sourceTree = "<group>"; };
		76DA8C0F1F30223700B5BA17 /* MLH-Bridging-Header.h */ = {isa = PBXFileReference; fileEncoding = 4; lastKnownFileType = sourcecode.c.h; path = "MLH-Bridging-Header.h"; sourceTree = "<group>"; };
		76DA8C111F30223700B5BA17 /* HTTPFacade.swift */ = {isa = PBXFileReference; fileEncoding = 4; lastKnownFileType = sourcecode.swift; path = HTTPFacade.swift; sourceTree = "<group>"; };
		76DA8C131F30223700B5BA17 /* MLHApiInterface.swift */ = {isa = PBXFileReference; fileEncoding = 4; lastKnownFileType = sourcecode.swift; path = MLHApiInterface.swift; sourceTree = "<group>"; };
		76DA8C161F30223700B5BA17 /* MLHTVViewController.swift */ = {isa = PBXFileReference; fileEncoding = 4; lastKnownFileType = sourcecode.swift; path = MLHTVViewController.swift; sourceTree = "<group>"; };
		76DA8C171F30223700B5BA17 /* MLHTVViewController.xib */ = {isa = PBXFileReference; fileEncoding = 4; lastKnownFileType = file.xib; path = MLHTVViewController.xib; sourceTree = "<group>"; };
		76DA8C191F30223700B5BA17 /* MLHTVTableViewCell.swift */ = {isa = PBXFileReference; fileEncoding = 4; lastKnownFileType = sourcecode.swift; path = MLHTVTableViewCell.swift; sourceTree = "<group>"; };
		76DA8C1A1F30223700B5BA17 /* MLHTVTableViewCell.xib */ = {isa = PBXFileReference; fileEncoding = 4; lastKnownFileType = file.xib; path = MLHTVTableViewCell.xib; sourceTree = "<group>"; };
		76DA8C1C1F30223700B5BA17 /* MLHTVVM.swift */ = {isa = PBXFileReference; fileEncoding = 4; lastKnownFileType = sourcecode.swift; path = MLHTVVM.swift; sourceTree = "<group>"; };
		76DA8C1F1F30223700B5BA17 /* MLHBrightnessView.swift */ = {isa = PBXFileReference; fileEncoding = 4; lastKnownFileType = sourcecode.swift; path = MLHBrightnessView.swift; sourceTree = "<group>"; };
		76DA8C201F30223700B5BA17 /* MLHPlayerControlView.swift */ = {isa = PBXFileReference; fileEncoding = 4; lastKnownFileType = sourcecode.swift; path = MLHPlayerControlView.swift; sourceTree = "<group>"; };
		76DA8C211F30223700B5BA17 /* MLHPlayerModel.swift */ = {isa = PBXFileReference; fileEncoding = 4; lastKnownFileType = sourcecode.swift; path = MLHPlayerModel.swift; sourceTree = "<group>"; };
		76DA8C221F30223700B5BA17 /* MLHPlayerView.swift */ = {isa = PBXFileReference; fileEncoding = 4; lastKnownFileType = sourcecode.swift; path = MLHPlayerView.swift; sourceTree = "<group>"; };
		76DA8C231F30223700B5BA17 /* MLHVolumeView.swift */ = {isa = PBXFileReference; fileEncoding = 4; lastKnownFileType = sourcecode.swift; path = MLHVolumeView.swift; sourceTree = "<group>"; };
		76DA8C241F30223700B5BA17 /* MMMaterialDesignSpinner.h */ = {isa = PBXFileReference; fileEncoding = 4; lastKnownFileType = sourcecode.c.h; path = MMMaterialDesignSpinner.h; sourceTree = "<group>"; };
		76DA8C251F30223700B5BA17 /* MMMaterialDesignSpinner.m */ = {isa = PBXFileReference; fileEncoding = 4; lastKnownFileType = sourcecode.c.objc; path = MMMaterialDesignSpinner.m; sourceTree = "<group>"; };
/* End PBXFileReference section */

/* Begin PBXFrameworksBuildPhase section */
		76DA8B821F30217F00B5BA17 /* Frameworks */ = {
			isa = PBXFrameworksBuildPhase;
			buildActionMask = 2147483647;
			files = (
				59CAAA0E40EC4539E1945814 /* Pods_MLH.framework in Frameworks */,
			);
			runOnlyForDeploymentPostprocessing = 0;
		};
		76DA8B961F30217F00B5BA17 /* Frameworks */ = {
			isa = PBXFrameworksBuildPhase;
			buildActionMask = 2147483647;
			files = (
			);
			runOnlyForDeploymentPostprocessing = 0;
		};
		76DA8BA11F30218000B5BA17 /* Frameworks */ = {
			isa = PBXFrameworksBuildPhase;
			buildActionMask = 2147483647;
			files = (
			);
			runOnlyForDeploymentPostprocessing = 0;
		};
/* End PBXFrameworksBuildPhase section */

/* Begin PBXGroup section */
		17E9629F5BC44B944C4E09D5 /* Frameworks */ = {
			isa = PBXGroup;
			children = (
				2478D24F196B16A9813FEA78 /* Pods_MLH.framework */,
			);
			name = Frameworks;
			sourceTree = "<group>";
		};
		46B250062748F392FB7C1E02 /* Pods */ = {
			isa = PBXGroup;
			children = (
				30B40B92290EB53C4BDEE212 /* Pods-MLH.debug.xcconfig */,
				7470A0204B662C7E610F4D6F /* Pods-MLH.release.xcconfig */,
			);
			name = Pods;
			sourceTree = "<group>";
		};
		76DA8B7C1F30217F00B5BA17 = {
			isa = PBXGroup;
			children = (
				76DA8B871F30217F00B5BA17 /* MLH */,
				76DA8B9C1F30217F00B5BA17 /* MLHTests */,
				76DA8BA71F30218000B5BA17 /* MLHUITests */,
				76DA8B861F30217F00B5BA17 /* Products */,
				46B250062748F392FB7C1E02 /* Pods */,
				17E9629F5BC44B944C4E09D5 /* Frameworks */,
			);
			sourceTree = "<group>";
		};
		76DA8B861F30217F00B5BA17 /* Products */ = {
			isa = PBXGroup;
			children = (
				76DA8B851F30217F00B5BA17 /* MLH.app */,
				76DA8B991F30217F00B5BA17 /* MLHTests.xctest */,
				76DA8BA41F30218000B5BA17 /* MLHUITests.xctest */,
			);
			name = Products;
			sourceTree = "<group>";
		};
		76DA8B871F30217F00B5BA17 /* MLH */ = {
			isa = PBXGroup;
			children = (
				76DA8C1D1F30223700B5BA17 /* Utils */,
				76DA8BF01F30223600B5BA17 /* Common */,
				76DA8BFC1F30223700B5BA17 /* Find */,
				76DA8C001F30223700B5BA17 /* Main */,
				76DA8C051F30223700B5BA17 /* Me */,
				76DA8C091F30223700B5BA17 /* MLH */,
				76DA8C101F30223700B5BA17 /* NetworkLayer */,
				76DA8C141F30223700B5BA17 /* TV */,
				76DA8B881F30217F00B5BA17 /* AppDelegate.swift */,
				76DA8B8F1F30217F00B5BA17 /* Assets.xcassets */,
				76DA8B911F30217F00B5BA17 /* LaunchScreen.storyboard */,
				76DA8C0F1F30223700B5BA17 /* MLH-Bridging-Header.h */,
				76DA8B941F30217F00B5BA17 /* Info.plist */,
			);
			path = MLH;
			sourceTree = "<group>";
		};
		76DA8B9C1F30217F00B5BA17 /* MLHTests */ = {
			isa = PBXGroup;
			children = (
				76DA8B9D1F30218000B5BA17 /* MLHTests.swift */,
				76DA8B9F1F30218000B5BA17 /* Info.plist */,
			);
			path = MLHTests;
			sourceTree = "<group>";
		};
		76DA8BA71F30218000B5BA17 /* MLHUITests */ = {
			isa = PBXGroup;
			children = (
				76DA8BA81F30218000B5BA17 /* MLHUITests.swift */,
				76DA8BAA1F30218000B5BA17 /* Info.plist */,
			);
			path = MLHUITests;
			sourceTree = "<group>";
		};
		76DA8BF01F30223600B5BA17 /* Common */ = {
			isa = PBXGroup;
			children = (
				76DA8BF11F30223600B5BA17 /* ArrayExtension.swift */,
				76DA8BF21F30223600B5BA17 /* DispatchTimeExtension.swift */,
				76DA8BF31F30223600B5BA17 /* ImageTint.swift */,
				76DA8BF41F30223700B5BA17 /* MLHCorner.swift */,
				76DA8BF51F30223700B5BA17 /* Observable.swift */,
				76DA8BF61F30223700B5BA17 /* Singleton.swift */,
				76DA8BF71F30223700B5BA17 /* SwifterSwift.swift */,
				76DA8BF81F30223700B5BA17 /* UIColorExtension.swift */,
				76DA8BF91F30223700B5BA17 /* UIViewControllerExtension.swift */,
				76DA8BFA1F30223700B5BA17 /* UIViewControllerProtocol.swift */,
				76DA8BFB1F30223700B5BA17 /* URIDefine.swift */,
			);
			path = Common;
			sourceTree = "<group>";
		};
		76DA8BFC1F30223700B5BA17 /* Find */ = {
			isa = PBXGroup;
			children = (
				76DA8BFD1F30223700B5BA17 /* C */,
			);
			path = Find;
			sourceTree = "<group>";
		};
		76DA8BFD1F30223700B5BA17 /* C */ = {
			isa = PBXGroup;
			children = (
				76DA8BFE1F30223700B5BA17 /* MLHFindViewController.swift */,
				76DA8BFF1F30223700B5BA17 /* MLHFindViewController.xib */,
			);
			path = C;
			sourceTree = "<group>";
		};
		76DA8C001F30223700B5BA17 /* Main */ = {
			isa = PBXGroup;
			children = (
				76DA8C011F30223700B5BA17 /* C */,
			);
			path = Main;
			sourceTree = "<group>";
		};
		76DA8C011F30223700B5BA17 /* C */ = {
			isa = PBXGroup;
			children = (
				76DA8C021F30223700B5BA17 /* MLHBaseViewController.swift */,
				76DA8C031F30223700B5BA17 /* MLHNavigationViewController.swift */,
				76DA8C041F30223700B5BA17 /* MLHTabBarViewController.swift */,
			);
			path = C;
			sourceTree = "<group>";
		};
		76DA8C051F30223700B5BA17 /* Me */ = {
			isa = PBXGroup;
			children = (
				76DA8C061F30223700B5BA17 /* C */,
			);
			path = Me;
			sourceTree = "<group>";
		};
		76DA8C061F30223700B5BA17 /* C */ = {
			isa = PBXGroup;
			children = (
				76DA8C071F30223700B5BA17 /* MLHMeViewController.swift */,
				76DA8C081F30223700B5BA17 /* MLHMeViewController.xib */,
			);
			path = C;
			sourceTree = "<group>";
		};
		76DA8C091F30223700B5BA17 /* MLH */ = {
			isa = PBXGroup;
			children = (
				76DA8C0A1F30223700B5BA17 /* C */,
				76DA8C0D1F30223700B5BA17 /* MLHTestViewController.swift */,
				76DA8C0E1F30223700B5BA17 /* MLHTestViewController.xib */,
			);
			path = MLH;
			sourceTree = "<group>";
		};
		76DA8C0A1F30223700B5BA17 /* C */ = {
			isa = PBXGroup;
			children = (
				76DA8C0B1F30223700B5BA17 /* MLHMainViewController.swift */,
				76DA8C0C1F30223700B5BA17 /* MLHMainViewController.xib */,
			);
			path = C;
			sourceTree = "<group>";
		};
		76DA8C101F30223700B5BA17 /* NetworkLayer */ = {
			isa = PBXGroup;
			children = (
				76DA8C111F30223700B5BA17 /* HTTPFacade.swift */,
				76DA8C121F30223700B5BA17 /* Model */,
			);
			path = NetworkLayer;
			sourceTree = "<group>";
		};
		76DA8C121F30223700B5BA17 /* Model */ = {
			isa = PBXGroup;
			children = (
				76DA8C131F30223700B5BA17 /* MLHApiInterface.swift */,
			);
			path = Model;
			sourceTree = "<group>";
		};
		76DA8C141F30223700B5BA17 /* TV */ = {
			isa = PBXGroup;
			children = (
				76DA8C151F30223700B5BA17 /* C */,
				76DA8C181F30223700B5BA17 /* Cell */,
				76DA8C1B1F30223700B5BA17 /* VM */,
			);
			path = TV;
			sourceTree = "<group>";
		};
		76DA8C151F30223700B5BA17 /* C */ = {
			isa = PBXGroup;
			children = (
				76DA8C161F30223700B5BA17 /* MLHTVViewController.swift */,
				76DA8C171F30223700B5BA17 /* MLHTVViewController.xib */,
			);
			path = C;
			sourceTree = "<group>";
		};
		76DA8C181F30223700B5BA17 /* Cell */ = {
			isa = PBXGroup;
			children = (
				76DA8C191F30223700B5BA17 /* MLHTVTableViewCell.swift */,
				76DA8C1A1F30223700B5BA17 /* MLHTVTableViewCell.xib */,
			);
			path = Cell;
			sourceTree = "<group>";
		};
		76DA8C1B1F30223700B5BA17 /* VM */ = {
			isa = PBXGroup;
			children = (
				76DA8C1C1F30223700B5BA17 /* MLHTVVM.swift */,
			);
			path = VM;
			sourceTree = "<group>";
		};
		76DA8C1D1F30223700B5BA17 /* Utils */ = {
			isa = PBXGroup;
			children = (
				76DA8C1E1F30223700B5BA17 /* MLHPlayer */,
			);
			path = Utils;
			sourceTree = "<group>";
		};
		76DA8C1E1F30223700B5BA17 /* MLHPlayer */ = {
			isa = PBXGroup;
			children = (
				76DA8C1F1F30223700B5BA17 /* MLHBrightnessView.swift */,
				76DA8C201F30223700B5BA17 /* MLHPlayerControlView.swift */,
				76DA8C211F30223700B5BA17 /* MLHPlayerModel.swift */,
				76DA8C221F30223700B5BA17 /* MLHPlayerView.swift */,
				76DA8C231F30223700B5BA17 /* MLHVolumeView.swift */,
				76DA8C241F30223700B5BA17 /* MMMaterialDesignSpinner.h */,
				76DA8C251F30223700B5BA17 /* MMMaterialDesignSpinner.m */,
				7696A8301F38060400B6BCD8 /* MLHPlayerShared.swift */,
			);
			path = MLHPlayer;
			sourceTree = "<group>";
		};
/* End PBXGroup section */

/* Begin PBXNativeTarget section */
		76DA8B841F30217F00B5BA17 /* MLH */ = {
			isa = PBXNativeTarget;
			buildConfigurationList = 76DA8BAD1F30218000B5BA17 /* Build configuration list for PBXNativeTarget "MLH" */;
			buildPhases = (
				2A5E22BADA4C5BE8DA06823F /* [CP] Check Pods Manifest.lock */,
				76DA8B811F30217F00B5BA17 /* Sources */,
				76DA8B821F30217F00B5BA17 /* Frameworks */,
				76DA8B831F30217F00B5BA17 /* Resources */,
				1F265DD28B5104DA7B05F303 /* [CP] Embed Pods Frameworks */,
				52C23F75DFD1346E1726B667 /* [CP] Copy Pods Resources */,
			);
			buildRules = (
			);
			dependencies = (
			);
			name = MLH;
			productName = MLH;
			productReference = 76DA8B851F30217F00B5BA17 /* MLH.app */;
			productType = "com.apple.product-type.application";
		};
		76DA8B981F30217F00B5BA17 /* MLHTests */ = {
			isa = PBXNativeTarget;
			buildConfigurationList = 76DA8BB01F30218000B5BA17 /* Build configuration list for PBXNativeTarget "MLHTests" */;
			buildPhases = (
				76DA8B951F30217F00B5BA17 /* Sources */,
				76DA8B961F30217F00B5BA17 /* Frameworks */,
				76DA8B971F30217F00B5BA17 /* Resources */,
			);
			buildRules = (
			);
			dependencies = (
				76DA8B9B1F30217F00B5BA17 /* PBXTargetDependency */,
			);
			name = MLHTests;
			productName = MLHTests;
			productReference = 76DA8B991F30217F00B5BA17 /* MLHTests.xctest */;
			productType = "com.apple.product-type.bundle.unit-test";
		};
		76DA8BA31F30218000B5BA17 /* MLHUITests */ = {
			isa = PBXNativeTarget;
			buildConfigurationList = 76DA8BB31F30218000B5BA17 /* Build configuration list for PBXNativeTarget "MLHUITests" */;
			buildPhases = (
				76DA8BA01F30218000B5BA17 /* Sources */,
				76DA8BA11F30218000B5BA17 /* Frameworks */,
				76DA8BA21F30218000B5BA17 /* Resources */,
			);
			buildRules = (
			);
			dependencies = (
				76DA8BA61F30218000B5BA17 /* PBXTargetDependency */,
			);
			name = MLHUITests;
			productName = MLHUITests;
			productReference = 76DA8BA41F30218000B5BA17 /* MLHUITests.xctest */;
			productType = "com.apple.product-type.bundle.ui-testing";
		};
/* End PBXNativeTarget section */

/* Begin PBXProject section */
		76DA8B7D1F30217F00B5BA17 /* Project object */ = {
			isa = PBXProject;
			attributes = {
				LastSwiftUpdateCheck = 0820;
				LastUpgradeCheck = 0820;
				ORGANIZATIONNAME = Haitang;
				TargetAttributes = {
					76DA8B841F30217F00B5BA17 = {
						CreatedOnToolsVersion = 8.2.1;
						ProvisioningStyle = Automatic;
					};
					76DA8B981F30217F00B5BA17 = {
						CreatedOnToolsVersion = 8.2.1;
						ProvisioningStyle = Automatic;
						TestTargetID = 76DA8B841F30217F00B5BA17;
					};
					76DA8BA31F30218000B5BA17 = {
						CreatedOnToolsVersion = 8.2.1;
						ProvisioningStyle = Automatic;
						TestTargetID = 76DA8B841F30217F00B5BA17;
					};
				};
			};
			buildConfigurationList = 76DA8B801F30217F00B5BA17 /* Build configuration list for PBXProject "MLH" */;
			compatibilityVersion = "Xcode 3.2";
			developmentRegion = English;
			hasScannedForEncodings = 0;
			knownRegions = (
				en,
				Base,
			);
			mainGroup = 76DA8B7C1F30217F00B5BA17;
			productRefGroup = 76DA8B861F30217F00B5BA17 /* Products */;
			projectDirPath = "";
			projectRoot = "";
			targets = (
				76DA8B841F30217F00B5BA17 /* MLH */,
				76DA8B981F30217F00B5BA17 /* MLHTests */,
				76DA8BA31F30218000B5BA17 /* MLHUITests */,
			);
		};
/* End PBXProject section */

/* Begin PBXResourcesBuildPhase section */
		76DA8B831F30217F00B5BA17 /* Resources */ = {
			isa = PBXResourcesBuildPhase;
			buildActionMask = 2147483647;
			files = (
				76DA8C411F30223700B5BA17 /* MLHTVTableViewCell.xib in Resources */,
				76DA8C3B1F30223700B5BA17 /* MLHTestViewController.xib in Resources */,
				76DA8B931F30217F00B5BA17 /* LaunchScreen.storyboard in Resources */,
				76DA8C3F1F30223700B5BA17 /* MLHTVViewController.xib in Resources */,
				76DA8B901F30217F00B5BA17 /* Assets.xcassets in Resources */,
				76DA8C371F30223700B5BA17 /* MLHMeViewController.xib in Resources */,
				76DA8C321F30223700B5BA17 /* MLHFindViewController.xib in Resources */,
				76DA8C391F30223700B5BA17 /* MLHMainViewController.xib in Resources */,
			);
			runOnlyForDeploymentPostprocessing = 0;
		};
		76DA8B971F30217F00B5BA17 /* Resources */ = {
			isa = PBXResourcesBuildPhase;
			buildActionMask = 2147483647;
			files = (
			);
			runOnlyForDeploymentPostprocessing = 0;
		};
		76DA8BA21F30218000B5BA17 /* Resources */ = {
			isa = PBXResourcesBuildPhase;
			buildActionMask = 2147483647;
			files = (
			);
			runOnlyForDeploymentPostprocessing = 0;
		};
/* End PBXResourcesBuildPhase section */

/* Begin PBXShellScriptBuildPhase section */
		1F265DD28B5104DA7B05F303 /* [CP] Embed Pods Frameworks */ = {
			isa = PBXShellScriptBuildPhase;
			buildActionMask = 2147483647;
			files = (
			);
			inputPaths = (
			);
			name = "[CP] Embed Pods Frameworks";
			outputPaths = (
			);
			runOnlyForDeploymentPostprocessing = 0;
			shellPath = /bin/sh;
			shellScript = "\"${SRCROOT}/Pods/Target Support Files/Pods-MLH/Pods-MLH-frameworks.sh\"\n";
			showEnvVarsInLog = 0;
		};
		2A5E22BADA4C5BE8DA06823F /* [CP] Check Pods Manifest.lock */ = {
			isa = PBXShellScriptBuildPhase;
			buildActionMask = 2147483647;
			files = (
			);
			inputPaths = (
			);
			name = "[CP] Check Pods Manifest.lock";
			outputPaths = (
			);
			runOnlyForDeploymentPostprocessing = 0;
			shellPath = /bin/sh;
			shellScript = "diff \"${PODS_PODFILE_DIR_PATH}/Podfile.lock\" \"${PODS_ROOT}/Manifest.lock\" > /dev/null\nif [ $? != 0 ] ; then\n    # print error to STDERR\n    echo \"error: The sandbox is not in sync with the Podfile.lock. Run 'pod install' or update your CocoaPods installation.\" >&2\n    exit 1\nfi\n";
			showEnvVarsInLog = 0;
		};
		52C23F75DFD1346E1726B667 /* [CP] Copy Pods Resources */ = {
			isa = PBXShellScriptBuildPhase;
			buildActionMask = 2147483647;
			files = (
			);
			inputPaths = (
			);
			name = "[CP] Copy Pods Resources";
			outputPaths = (
			);
			runOnlyForDeploymentPostprocessing = 0;
			shellPath = /bin/sh;
			shellScript = "\"${SRCROOT}/Pods/Target Support Files/Pods-MLH/Pods-MLH-resources.sh\"\n";
			showEnvVarsInLog = 0;
		};
/* End PBXShellScriptBuildPhase section */

/* Begin PBXSourcesBuildPhase section */
		76DA8B811F30217F00B5BA17 /* Sources */ = {
			isa = PBXSourcesBuildPhase;
			buildActionMask = 2147483647;
			files = (
				76DA8C2F1F30223700B5BA17 /* UIViewControllerProtocol.swift in Sources */,
				76DA8C401F30223700B5BA17 /* MLHTVTableViewCell.swift in Sources */,
				76DA8C421F30223700B5BA17 /* MLHTVVM.swift in Sources */,
				76DA8C261F30223700B5BA17 /* ArrayExtension.swift in Sources */,
				76DA8C331F30223700B5BA17 /* MLHBaseViewController.swift in Sources */,
				76DA8C451F30223700B5BA17 /* MLHPlayerModel.swift in Sources */,
				76DA8C461F30223700B5BA17 /* MLHPlayerView.swift in Sources */,
				76DA8C341F30223700B5BA17 /* MLHNavigationViewController.swift in Sources */,
				76DA8C291F30223700B5BA17 /* MLHCorner.swift in Sources */,
				76DA8C2A1F30223700B5BA17 /* Observable.swift in Sources */,
				76DA8C311F30223700B5BA17 /* MLHFindViewController.swift in Sources */,
				7696A8311F38060400B6BCD8 /* MLHPlayerShared.swift in Sources */,
				76DA8C2C1F30223700B5BA17 /* SwifterSwift.swift in Sources */,
				76DA8C431F30223700B5BA17 /* MLHBrightnessView.swift in Sources */,
				76DA8C301F30223700B5BA17 /* URIDefine.swift in Sources */,
				76DA8C361F30223700B5BA17 /* MLHMeViewController.swift in Sources */,
				76DA8C271F30223700B5BA17 /* DispatchTimeExtension.swift in Sources */,
				76DA8C351F30223700B5BA17 /* MLHTabBarViewController.swift in Sources */,
				76DA8C3E1F30223700B5BA17 /* MLHTVViewController.swift in Sources */,
				76DA8C3C1F30223700B5BA17 /* HTTPFacade.swift in Sources */,
				76DA8C2B1F30223700B5BA17 /* Singleton.swift in Sources */,
				76DA8C3A1F30223700B5BA17 /* MLHTestViewController.swift in Sources */,
				76DA8C441F30223700B5BA17 /* MLHPlayerControlView.swift in Sources */,
				76DA8C2D1F30223700B5BA17 /* UIColorExtension.swift in Sources */,
				76DA8C281F30223700B5BA17 /* ImageTint.swift in Sources */,
				76DA8C3D1F30223700B5BA17 /* MLHApiInterface.swift in Sources */,
				76DA8C481F30223700B5BA17 /* MMMaterialDesignSpinner.m in Sources */,
				76DA8C471F30223700B5BA17 /* MLHVolumeView.swift in Sources */,
				76DA8C2E1F30223700B5BA17 /* UIViewControllerExtension.swift in Sources */,
				76DA8B891F30217F00B5BA17 /* AppDelegate.swift in Sources */,
				76DA8C381F30223700B5BA17 /* MLHMainViewController.swift in Sources */,
			);
			runOnlyForDeploymentPostprocessing = 0;
		};
		76DA8B951F30217F00B5BA17 /* Sources */ = {
			isa = PBXSourcesBuildPhase;
			buildActionMask = 2147483647;
			files = (
				76DA8B9E1F30218000B5BA17 /* MLHTests.swift in Sources */,
			);
			runOnlyForDeploymentPostprocessing = 0;
		};
		76DA8BA01F30218000B5BA17 /* Sources */ = {
			isa = PBXSourcesBuildPhase;
			buildActionMask = 2147483647;
			files = (
				76DA8BA91F30218000B5BA17 /* MLHUITests.swift in Sources */,
			);
			runOnlyForDeploymentPostprocessing = 0;
		};
/* End PBXSourcesBuildPhase section */

/* Begin PBXTargetDependency section */
		76DA8B9B1F30217F00B5BA17 /* PBXTargetDependency */ = {
			isa = PBXTargetDependency;
			target = 76DA8B841F30217F00B5BA17 /* MLH */;
			targetProxy = 76DA8B9A1F30217F00B5BA17 /* PBXContainerItemProxy */;
		};
		76DA8BA61F30218000B5BA17 /* PBXTargetDependency */ = {
			isa = PBXTargetDependency;
			target = 76DA8B841F30217F00B5BA17 /* MLH */;
			targetProxy = 76DA8BA51F30218000B5BA17 /* PBXContainerItemProxy */;
		};
/* End PBXTargetDependency section */

/* Begin PBXVariantGroup section */
		76DA8B911F30217F00B5BA17 /* LaunchScreen.storyboard */ = {
			isa = PBXVariantGroup;
			children = (
				76DA8B921F30217F00B5BA17 /* Base */,
			);
			name = LaunchScreen.storyboard;
			sourceTree = "<group>";
		};
/* End PBXVariantGroup section */

/* Begin XCBuildConfiguration section */
		76DA8BAB1F30218000B5BA17 /* Debug */ = {
			isa = XCBuildConfiguration;
			buildSettings = {
				ALWAYS_SEARCH_USER_PATHS = NO;
				CLANG_ANALYZER_NONNULL = YES;
				CLANG_CXX_LANGUAGE_STANDARD = "gnu++0x";
				CLANG_CXX_LIBRARY = "libc++";
				CLANG_ENABLE_MODULES = YES;
				CLANG_ENABLE_OBJC_ARC = YES;
				CLANG_WARN_BOOL_CONVERSION = YES;
				CLANG_WARN_CONSTANT_CONVERSION = YES;
				CLANG_WARN_DIRECT_OBJC_ISA_USAGE = YES_ERROR;
				CLANG_WARN_DOCUMENTATION_COMMENTS = YES;
				CLANG_WARN_EMPTY_BODY = YES;
				CLANG_WARN_ENUM_CONVERSION = YES;
				CLANG_WARN_INFINITE_RECURSION = YES;
				CLANG_WARN_INT_CONVERSION = YES;
				CLANG_WARN_OBJC_ROOT_CLASS = YES_ERROR;
				CLANG_WARN_SUSPICIOUS_MOVE = YES;
				CLANG_WARN_UNREACHABLE_CODE = YES;
				CLANG_WARN__DUPLICATE_METHOD_MATCH = YES;
				"CODE_SIGN_IDENTITY[sdk=iphoneos*]" = "iPhone Developer";
				COPY_PHASE_STRIP = NO;
				DEBUG_INFORMATION_FORMAT = dwarf;
				ENABLE_STRICT_OBJC_MSGSEND = YES;
				ENABLE_TESTABILITY = YES;
				GCC_C_LANGUAGE_STANDARD = gnu99;
				GCC_DYNAMIC_NO_PIC = NO;
				GCC_NO_COMMON_BLOCKS = YES;
				GCC_OPTIMIZATION_LEVEL = 0;
				GCC_PREPROCESSOR_DEFINITIONS = (
					"DEBUG=1",
					"$(inherited)",
				);
				GCC_WARN_64_TO_32_BIT_CONVERSION = YES;
				GCC_WARN_ABOUT_RETURN_TYPE = YES_ERROR;
				GCC_WARN_UNDECLARED_SELECTOR = YES;
				GCC_WARN_UNINITIALIZED_AUTOS = YES_AGGRESSIVE;
				GCC_WARN_UNUSED_FUNCTION = YES;
				GCC_WARN_UNUSED_VARIABLE = YES;
				IPHONEOS_DEPLOYMENT_TARGET = 10.2;
				MTL_ENABLE_DEBUG_INFO = YES;
				ONLY_ACTIVE_ARCH = YES;
				SDKROOT = iphoneos;
				SWIFT_ACTIVE_COMPILATION_CONDITIONS = DEBUG;
				SWIFT_OPTIMIZATION_LEVEL = "-Onone";
				TARGETED_DEVICE_FAMILY = "1,2";
			};
			name = Debug;
		};
		76DA8BAC1F30218000B5BA17 /* Release */ = {
			isa = XCBuildConfiguration;
			buildSettings = {
				ALWAYS_SEARCH_USER_PATHS = NO;
				CLANG_ANALYZER_NONNULL = YES;
				CLANG_CXX_LANGUAGE_STANDARD = "gnu++0x";
				CLANG_CXX_LIBRARY = "libc++";
				CLANG_ENABLE_MODULES = YES;
				CLANG_ENABLE_OBJC_ARC = YES;
				CLANG_WARN_BOOL_CONVERSION = YES;
				CLANG_WARN_CONSTANT_CONVERSION = YES;
				CLANG_WARN_DIRECT_OBJC_ISA_USAGE = YES_ERROR;
				CLANG_WARN_DOCUMENTATION_COMMENTS = YES;
				CLANG_WARN_EMPTY_BODY = YES;
				CLANG_WARN_ENUM_CONVERSION = YES;
				CLANG_WARN_INFINITE_RECURSION = YES;
				CLANG_WARN_INT_CONVERSION = YES;
				CLANG_WARN_OBJC_ROOT_CLASS = YES_ERROR;
				CLANG_WARN_SUSPICIOUS_MOVE = YES;
				CLANG_WARN_UNREACHABLE_CODE = YES;
				CLANG_WARN__DUPLICATE_METHOD_MATCH = YES;
				"CODE_SIGN_IDENTITY[sdk=iphoneos*]" = "iPhone Developer";
				COPY_PHASE_STRIP = NO;
				DEBUG_INFORMATION_FORMAT = "dwarf-with-dsym";
				ENABLE_NS_ASSERTIONS = NO;
				ENABLE_STRICT_OBJC_MSGSEND = YES;
				GCC_C_LANGUAGE_STANDARD = gnu99;
				GCC_NO_COMMON_BLOCKS = YES;
				GCC_WARN_64_TO_32_BIT_CONVERSION = YES;
				GCC_WARN_ABOUT_RETURN_TYPE = YES_ERROR;
				GCC_WARN_UNDECLARED_SELECTOR = YES;
				GCC_WARN_UNINITIALIZED_AUTOS = YES_AGGRESSIVE;
				GCC_WARN_UNUSED_FUNCTION = YES;
				GCC_WARN_UNUSED_VARIABLE = YES;
				IPHONEOS_DEPLOYMENT_TARGET = 10.2;
				MTL_ENABLE_DEBUG_INFO = NO;
				SDKROOT = iphoneos;
				SWIFT_OPTIMIZATION_LEVEL = "-Owholemodule";
				TARGETED_DEVICE_FAMILY = "1,2";
				VALIDATE_PRODUCT = YES;
			};
			name = Release;
		};
		76DA8BAE1F30218000B5BA17 /* Debug */ = {
			isa = XCBuildConfiguration;
			baseConfigurationReference = 30B40B92290EB53C4BDEE212 /* Pods-MLH.debug.xcconfig */;
			buildSettings = {
				INFOPLIST_FILE = MLH/Info.plist;
				LD_RUNPATH_SEARCH_PATHS = "$(inherited) @executable_path/Frameworks";
				PRODUCT_BUNDLE_IDENTIFIER = zuoyebang.MLH;
				PRODUCT_NAME = "$(TARGET_NAME)";
				SWIFT_OBJC_BRIDGING_HEADER = "/Users/litianpeng/Desktop/MLH/MLH/MLH-Bridging-Header.h";
				SWIFT_VERSION = 3.0;
			};
			name = Debug;
		};
		76DA8BAF1F30218000B5BA17 /* Release */ = {
			isa = XCBuildConfiguration;
			baseConfigurationReference = 7470A0204B662C7E610F4D6F /* Pods-MLH.release.xcconfig */;
			buildSettings = {
				INFOPLIST_FILE = MLH/Info.plist;
				LD_RUNPATH_SEARCH_PATHS = "$(inherited) @executable_path/Frameworks";
				PRODUCT_BUNDLE_IDENTIFIER = zuoyebang.MLH;
				PRODUCT_NAME = "$(TARGET_NAME)";
				SWIFT_OBJC_BRIDGING_HEADER = "/Users/litianpeng/Desktop/MLH/MLH/MLH-Bridging-Header.h";
				SWIFT_VERSION = 3.0;
			};
			name = Release;
		};
		76DA8BB11F30218000B5BA17 /* Debug */ = {
			isa = XCBuildConfiguration;
			buildSettings = {
				ALWAYS_EMBED_SWIFT_STANDARD_LIBRARIES = YES;
				BUNDLE_LOADER = "$(TEST_HOST)";
				INFOPLIST_FILE = MLHTests/Info.plist;
				LD_RUNPATH_SEARCH_PATHS = "$(inherited) @executable_path/Frameworks @loader_path/Frameworks";
				PRODUCT_BUNDLE_IDENTIFIER = zuoyebang.MLHTests;
				PRODUCT_NAME = "$(TARGET_NAME)";
				SWIFT_VERSION = 3.0;
				TEST_HOST = "$(BUILT_PRODUCTS_DIR)/MLH.app/MLH";
			};
			name = Debug;
		};
		76DA8BB21F30218000B5BA17 /* Release */ = {
			isa = XCBuildConfiguration;
			buildSettings = {
				ALWAYS_EMBED_SWIFT_STANDARD_LIBRARIES = YES;
				BUNDLE_LOADER = "$(TEST_HOST)";
				INFOPLIST_FILE = MLHTests/Info.plist;
				LD_RUNPATH_SEARCH_PATHS = "$(inherited) @executable_path/Frameworks @loader_path/Frameworks";
				PRODUCT_BUNDLE_IDENTIFIER = zuoyebang.MLHTests;
				PRODUCT_NAME = "$(TARGET_NAME)";
				SWIFT_VERSION = 3.0;
				TEST_HOST = "$(BUILT_PRODUCTS_DIR)/MLH.app/MLH";
			};
			name = Release;
		};
		76DA8BB41F30218000B5BA17 /* Debug */ = {
			isa = XCBuildConfiguration;
			buildSettings = {
				ALWAYS_EMBED_SWIFT_STANDARD_LIBRARIES = YES;
				INFOPLIST_FILE = MLHUITests/Info.plist;
				LD_RUNPATH_SEARCH_PATHS = "$(inherited) @executable_path/Frameworks @loader_path/Frameworks";
				PRODUCT_BUNDLE_IDENTIFIER = zuoyebang.MLHUITests;
				PRODUCT_NAME = "$(TARGET_NAME)";
				SWIFT_VERSION = 3.0;
				TEST_TARGET_NAME = MLH;
			};
			name = Debug;
		};
		76DA8BB51F30218000B5BA17 /* Release */ = {
			isa = XCBuildConfiguration;
			buildSettings = {
				ALWAYS_EMBED_SWIFT_STANDARD_LIBRARIES = YES;
				INFOPLIST_FILE = MLHUITests/Info.plist;
				LD_RUNPATH_SEARCH_PATHS = "$(inherited) @executable_path/Frameworks @loader_path/Frameworks";
				PRODUCT_BUNDLE_IDENTIFIER = zuoyebang.MLHUITests;
				PRODUCT_NAME = "$(TARGET_NAME)";
				SWIFT_VERSION = 3.0;
				TEST_TARGET_NAME = MLH;
			};
			name = Release;
		};
/* End XCBuildConfiguration section */

/* Begin XCConfigurationList section */
		76DA8B801F30217F00B5BA17 /* Build configuration list for PBXProject "MLH" */ = {
			isa = XCConfigurationList;
			buildConfigurations = (
				76DA8BAB1F30218000B5BA17 /* Debug */,
				76DA8BAC1F30218000B5BA17 /* Release */,
			);
			defaultConfigurationIsVisible = 0;
			defaultConfigurationName = Release;
		};
		76DA8BAD1F30218000B5BA17 /* Build configuration list for PBXNativeTarget "MLH" */ = {
			isa = XCConfigurationList;
			buildConfigurations = (
				76DA8BAE1F30218000B5BA17 /* Debug */,
				76DA8BAF1F30218000B5BA17 /* Release */,
			);
			defaultConfigurationIsVisible = 0;
			defaultConfigurationName = Release;
		};
		76DA8BB01F30218000B5BA17 /* Build configuration list for PBXNativeTarget "MLHTests" */ = {
			isa = XCConfigurationList;
			buildConfigurations = (
				76DA8BB11F30218000B5BA17 /* Debug */,
				76DA8BB21F30218000B5BA17 /* Release */,
			);
			defaultConfigurationIsVisible = 0;
			defaultConfigurationName = Release;
		};
		76DA8BB31F30218000B5BA17 /* Build configuration list for PBXNativeTarget "MLHUITests" */ = {
			isa = XCConfigurationList;
			buildConfigurations = (
				76DA8BB41F30218000B5BA17 /* Debug */,
				76DA8BB51F30218000B5BA17 /* Release */,
			);
			defaultConfigurationIsVisible = 0;
			defaultConfigurationName = Release;
		};
/* End XCConfigurationList section */
	};
	rootObject = 76DA8B7D1F30217F00B5BA17 /* Project object */;
}
